// !$*UTF8*$!
{
	archiveVersion = 1;
	classes = {
	};
	objectVersion = 46;
	objects = {

/* Begin PBXBuildFile section */
		4AC489F71BB8302B008F4F10 /* main.m in Sources */ = {isa = PBXBuildFile; fileRef = 4AC489F61BB8302B008F4F10 /* main.m */; };
		4AC489FA1BB8302B008F4F10 /* AppDelegate.m in Sources */ = {isa = PBXBuildFile; fileRef = 4AC489F91BB8302B008F4F10 /* AppDelegate.m */; };
		4AC489FD1BB8302B008F4F10 /* ViewController.m in Sources */ = {isa = PBXBuildFile; fileRef = 4AC489FC1BB8302B008F4F10 /* ViewController.m */; };
		4AC48A001BB8302B008F4F10 /* Main.storyboard in Resources */ = {isa = PBXBuildFile; fileRef = 4AC489FE1BB8302B008F4F10 /* Main.storyboard */; };
		4AC48A021BB8302B008F4F10 /* Assets.xcassets in Resources */ = {isa = PBXBuildFile; fileRef = 4AC48A011BB8302B008F4F10 /* Assets.xcassets */; };
		4AC48A051BB8302B008F4F10 /* LaunchScreen.storyboard in Resources */ = {isa = PBXBuildFile; fileRef = 4AC48A031BB8302B008F4F10 /* LaunchScreen.storyboard */; };
		4AC48A101BB8302B008F4F10 /* MultiplierTests.m in Sources */ = {isa = PBXBuildFile; fileRef = 4AC48A0F1BB8302B008F4F10 /* MultiplierTests.m */; };
		4AC48A1B1BB8302B008F4F10 /* MultiplierUITests.m in Sources */ = {isa = PBXBuildFile; fileRef = 4AC48A1A1BB8302B008F4F10 /* MultiplierUITests.m */; };
		4AC48A2B1BBCCFE1008F4F10 /* Multiplier.xib in Resources */ = {isa = PBXBuildFile; fileRef = 4AC48A2A1BBCCFE1008F4F10 /* Multiplier.xib */; settings = {ASSET_TAGS = (); }; };
/* End PBXBuildFile section */

/* Begin PBXContainerItemProxy section */
		4AC48A0C1BB8302B008F4F10 /* PBXContainerItemProxy */ = {
			isa = PBXContainerItemProxy;
			containerPortal = 4AC489EA1BB8302B008F4F10 /* Project object */;
			proxyType = 1;
			remoteGlobalIDString = 4AC489F11BB8302B008F4F10;
			remoteInfo = Multiplier;
		};
		4AC48A171BB8302B008F4F10 /* PBXContainerItemProxy */ = {
			isa = PBXContainerItemProxy;
			containerPortal = 4AC489EA1BB8302B008F4F10 /* Project object */;
			proxyType = 1;
			remoteGlobalIDString = 4AC489F11BB8302B008F4F10;
			remoteInfo = Multiplier;
		};
/* End PBXContainerItemProxy section */

/* Begin PBXFileReference section */
		4AC489F21BB8302B008F4F10 /* Multiplier.app */ = {isa = PBXFileReference; explicitFileType = wrapper.application; includeInIndex = 0; path = Multiplier.app; sourceTree = BUILT_PRODUCTS_DIR; };
		4AC489F61BB8302B008F4F10 /* main.m */ = {isa = PBXFileReference; lastKnownFileType = sourcecode.c.objc; path = main.m; sourceTree = "<group>"; };
		4AC489F81BB8302B008F4F10 /* AppDelegate.h */ = {isa = PBXFileReference; lastKnownFileType = sourcecode.c.h; path = AppDelegate.h; sourceTree = "<group>"; };
		4AC489F91BB8302B008F4F10 /* AppDelegate.m */ = {isa = PBXFileReference; lastKnownFileType = sourcecode.c.objc; path = AppDelegate.m; sourceTree = "<group>"; };
		4AC489FB1BB8302B008F4F10 /* ViewController.h */ = {isa = PBXFileReference; lastKnownFileType = sourcecode.c.h; path = ViewController.h; sourceTree = "<group>"; };
		4AC489FC1BB8302B008F4F10 /* ViewController.m */ = {isa = PBXFileReference; lastKnownFileType = sourcecode.c.objc; path = ViewController.m; sourceTree = "<group>"; };
		4AC489FF1BB8302B008F4F10 /* Base */ = {isa = PBXFileReference; lastKnownFileType = file.storyboard; name = Base; path = Base.lproj/Main.storyboard; sourceTree = "<group>"; };
		4AC48A011BB8302B008F4F10 /* Assets.xcassets */ = {isa = PBXFileReference; lastKnownFileType = folder.assetcatalog; path = Assets.xcassets; sourceTree = "<group>"; };
		4AC48A041BB8302B008F4F10 /* Base */ = {isa = PBXFileReference; lastKnownFileType = file.storyboard; name = Base; path = Base.lproj/LaunchScreen.storyboard; sourceTree = "<group>"; };
		4AC48A061BB8302B008F4F10 /* Info.plist */ = {isa = PBXFileReference; lastKnownFileType = text.plist.xml; path = Info.plist; sourceTree = "<group>"; };
		4AC48A0B1BB8302B008F4F10 /* MultiplierTests.xctest */ = {isa = PBXFileReference; explicitFileType = wrapper.cfbundle; includeInIndex = 0; path = MultiplierTests.xctest; sourceTree = BUILT_PRODUCTS_DIR; };
		4AC48A0F1BB8302B008F4F10 /* MultiplierTests.m */ = {isa = PBXFileReference; lastKnownFileType = sourcecode.c.objc; path = MultiplierTests.m; sourceTree = "<group>"; };
		4AC48A111BB8302B008F4F10 /* Info.plist */ = {isa = PBXFileReference; lastKnownFileType = text.plist.xml; path = Info.plist; sourceTree = "<group>"; };
		4AC48A161BB8302B008F4F10 /* MultiplierUITests.xctest */ = {isa = PBXFileReference; explicitFileType = wrapper.cfbundle; includeInIndex = 0; path = MultiplierUITests.xctest; sourceTree = BUILT_PRODUCTS_DIR; };
		4AC48A1A1BB8302B008F4F10 /* MultiplierUITests.m */ = {isa = PBXFileReference; lastKnownFileType = sourcecode.c.objc; path = MultiplierUITests.m; sourceTree = "<group>"; };
		4AC48A1C1BB8302B008F4F10 /* Info.plist */ = {isa = PBXFileReference; lastKnownFileType = text.plist.xml; path = Info.plist; sourceTree = "<group>"; };
		4AC48A2A1BBCCFE1008F4F10 /* Multiplier.xib */ = {isa = PBXFileReference; fileEncoding = 4; lastKnownFileType = file.xib; path = Multiplier.xib; sourceTree = "<group>"; };
/* End PBXFileReference section */

/* Begin PBXFrameworksBuildPhase section */
		4AC489EF1BB8302B008F4F10 /* Frameworks */ = {
			isa = PBXFrameworksBuildPhase;
			buildActionMask = 2147483647;
			files = (
			);
			runOnlyForDeploymentPostprocessing = 0;
		};
		4AC48A081BB8302B008F4F10 /* Frameworks */ = {
			isa = PBXFrameworksBuildPhase;
			buildActionMask = 2147483647;
			files = (
			);
			runOnlyForDeploymentPostprocessing = 0;
		};
		4AC48A131BB8302B008F4F10 /* Frameworks */ = {
			isa = PBXFrameworksBuildPhase;
			buildActionMask = 2147483647;
			files = (
			);
			runOnlyForDeploymentPostprocessing = 0;
		};
/* End PBXFrameworksBuildPhase section */

/* Begin PBXGroup section */
		4AC489E91BB8302B008F4F10 = {
			isa = PBXGroup;
			children = (
				4AC489F41BB8302B008F4F10 /* Multiplier */,
				4AC48A0E1BB8302B008F4F10 /* MultiplierTests */,
				4AC48A191BB8302B008F4F10 /* MultiplierUITests */,
				4AC489F31BB8302B008F4F10 /* Products */,
			);
			sourceTree = "<group>";
		};
		4AC489F31BB8302B008F4F10 /* Products */ = {
			isa = PBXGroup;
			children = (
				4AC489F21BB8302B008F4F10 /* Multiplier.app */,
				4AC48A0B1BB8302B008F4F10 /* MultiplierTests.xctest */,
				4AC48A161BB8302B008F4F10 /* MultiplierUITests.xctest */,
			);
			name = Products;
			sourceTree = "<group>";
		};
		4AC489F41BB8302B008F4F10 /* Multiplier */ = {
			isa = PBXGroup;
			children = (
				4AC489F81BB8302B008F4F10 /* AppDelegate.h */,
				4AC489F91BB8302B008F4F10 /* AppDelegate.m */,
				4AC489FB1BB8302B008F4F10 /* ViewController.h */,
				4AC489FC1BB8302B008F4F10 /* ViewController.m */,
				4AC489FE1BB8302B008F4F10 /* Main.storyboard */,
				4AC48A011BB8302B008F4F10 /* Assets.xcassets */,
				4AC48A031BB8302B008F4F10 /* LaunchScreen.storyboard */,
				4AC48A061BB8302B008F4F10 /* Info.plist */,
				4AC489F51BB8302B008F4F10 /* Supporting Files */,
				4AC48A2A1BBCCFE1008F4F10 /* Multiplier.xib */,
			);
			path = Multiplier;
			sourceTree = "<group>";
		};
		4AC489F51BB8302B008F4F10 /* Supporting Files */ = {
			isa = PBXGroup;
			children = (
				4AC489F61BB8302B008F4F10 /* main.m */,
			);
			name = "Supporting Files";
			sourceTree = "<group>";
		};
		4AC48A0E1BB8302B008F4F10 /* MultiplierTests */ = {
			isa = PBXGroup;
			children = (
				4AC48A0F1BB8302B008F4F10 /* MultiplierTests.m */,
				4AC48A111BB8302B008F4F10 /* Info.plist */,
			);
			path = MultiplierTests;
			sourceTree = "<group>";
		};
		4AC48A191BB8302B008F4F10 /* MultiplierUITests */ = {
			isa = PBXGroup;
			children = (
				4AC48A1A1BB8302B008F4F10 /* MultiplierUITests.m */,
				4AC48A1C1BB8302B008F4F10 /* Info.plist */,
			);
			path = MultiplierUITests;
			sourceTree = "<group>";
		};
/* End PBXGroup section */

/* Begin PBXNativeTarget section */
		4AC489F11BB8302B008F4F10 /* Multiplier */ = {
			isa = PBXNativeTarget;
			buildConfigurationList = 4AC48A1F1BB8302B008F4F10 /* Build configuration list for PBXNativeTarget "Multiplier" */;
			buildPhases = (
				4AC489EE1BB8302B008F4F10 /* Sources */,
				4AC489EF1BB8302B008F4F10 /* Frameworks */,
				4AC489F01BB8302B008F4F10 /* Resources */,
			);
			buildRules = (
			);
			dependencies = (
			);
			name = Multiplier;
			productName = Multiplier;
			productReference = 4AC489F21BB8302B008F4F10 /* Multiplier.app */;
			productType = "com.apple.product-type.application";
		};
		4AC48A0A1BB8302B008F4F10 /* MultiplierTests */ = {
			isa = PBXNativeTarget;
			buildConfigurationList = 4AC48A221BB8302B008F4F10 /* Build configuration list for PBXNativeTarget "MultiplierTests" */;
			buildPhases = (
				4AC48A071BB8302B008F4F10 /* Sources */,
				4AC48A081BB8302B008F4F10 /* Frameworks */,
				4AC48A091BB8302B008F4F10 /* Resources */,
			);
			buildRules = (
			);
			dependencies = (
				4AC48A0D1BB8302B008F4F10 /* PBXTargetDependency */,
			);
			name = MultiplierTests;
			productName = MultiplierTests;
			productReference = 4AC48A0B1BB8302B008F4F10 /* MultiplierTests.xctest */;
			productType = "com.apple.product-type.bundle.unit-test";
		};
		4AC48A151BB8302B008F4F10 /* MultiplierUITests */ = {
			isa = PBXNativeTarget;
			buildConfigurationList = 4AC48A251BB8302B008F4F10 /* Build configuration list for PBXNativeTarget "MultiplierUITests" */;
			buildPhases = (
				4AC48A121BB8302B008F4F10 /* Sources */,
				4AC48A131BB8302B008F4F10 /* Frameworks */,
				4AC48A141BB8302B008F4F10 /* Resources */,
			);
			buildRules = (
			);
			dependencies = (
				4AC48A181BB8302B008F4F10 /* PBXTargetDependency */,
			);
			name = MultiplierUITests;
			productName = MultiplierUITests;
			productReference = 4AC48A161BB8302B008F4F10 /* MultiplierUITests.xctest */;
			productType = "com.apple.product-type.bundle.ui-testing";
		};
/* End PBXNativeTarget section */

/* Begin PBXProject section */
		4AC489EA1BB8302B008F4F10 /* Project object */ = {
			isa = PBXProject;
			attributes = {
				LastUpgradeCheck = 0700;
				ORGANIZATIONNAME = CaryaLiu;
				TargetAttributes = {
					4AC489F11BB8302B008F4F10 = {
						CreatedOnToolsVersion = 7.0;
					};
					4AC48A0A1BB8302B008F4F10 = {
						CreatedOnToolsVersion = 7.0;
						TestTargetID = 4AC489F11BB8302B008F4F10;
					};
					4AC48A151BB8302B008F4F10 = {
						CreatedOnToolsVersion = 7.0;
						TestTargetID = 4AC489F11BB8302B008F4F10;
					};
				};
			};
			buildConfigurationList = 4AC489ED1BB8302B008F4F10 /* Build configuration list for PBXProject "Multiplier" */;
			compatibilityVersion = "Xcode 3.2";
			developmentRegion = English;
			hasScannedForEncodings = 0;
			knownRegions = (
				en,
				Base,
			);
			mainGroup = 4AC489E91BB8302B008F4F10;
			productRefGroup = 4AC489F31BB8302B008F4F10 /* Products */;
			projectDirPath = "";
			projectRoot = "";
			targets = (
				4AC489F11BB8302B008F4F10 /* Multiplier */,
				4AC48A0A1BB8302B008F4F10 /* MultiplierTests */,
				4AC48A151BB8302B008F4F10 /* MultiplierUITests */,
			);
		};
/* End PBXProject section */

/* Begin PBXResourcesBuildPhase section */
		4AC489F01BB8302B008F4F10 /* Resources */ = {
			isa = PBXResourcesBuildPhase;
			buildActionMask = 2147483647;
			files = (
				4AC48A051BB8302B008F4F10 /* LaunchScreen.storyboard in Resources */,
				4AC48A021BB8302B008F4F10 /* Assets.xcassets in Resources */,
				4AC48A2B1BBCCFE1008F4F10 /* Multiplier.xib in Resources */,
				4AC48A001BB8302B008F4F10 /* Main.storyboard in Resources */,
			);
			runOnlyForDeploymentPostprocessing = 0;
		};
		4AC48A091BB8302B008F4F10 /* Resources */ = {
			isa = PBXResourcesBuildPhase;
			buildActionMask = 2147483647;
			files = (
			);
			runOnlyForDeploymentPostprocessing = 0;
		};
		4AC48A141BB8302B008F4F10 /* Resources */ = {
			isa = PBXResourcesBuildPhase;
			buildActionMask = 2147483647;
			files = (
			);
			runOnlyForDeploymentPostprocessing = 0;
		};
/* End PBXResourcesBuildPhase section */

/* Begin PBXSourcesBuildPhase section */
		4AC489EE1BB8302B008F4F10 /* Sources */ = {
			isa = PBXSourcesBuildPhase;
			buildActionMask = 2147483647;
			files = (
				4AC489FD1BB8302B008F4F10 /* ViewController.m in Sources */,
				4AC489FA1BB8302B008F4F10 /* AppDelegate.m in Sources */,
				4AC489F71BB8302B008F4F10 /* main.m in Sources */,
			);
			runOnlyForDeploymentPostprocessing = 0;
		};
		4AC48A071BB8302B008F4F10 /* Sources */ = {
			isa = PBXSourcesBuildPhase;
			buildActionMask = 2147483647;
			files = (
				4AC48A101BB8302B008F4F10 /* MultiplierTests.m in Sources */,
			);
			runOnlyForDeploymentPostprocessing = 0;
		};
		4AC48A121BB8302B008F4F10 /* Sources */ = {
			isa = PBXSourcesBuildPhase;
			buildActionMask = 2147483647;
			files = (
				4AC48A1B1BB8302B008F4F10 /* MultiplierUITests.m in Sources */,
			);
			runOnlyForDeploymentPostprocessing = 0;
		};
/* End PBXSourcesBuildPhase section */

/* Begin PBXTargetDependency section */
		4AC48A0D1BB8302B008F4F10 /* PBXTargetDependency */ = {
			isa = PBXTargetDependency;
			target = 4AC489F11BB8302B008F4F10 /* Multiplier */;
			targetProxy = 4AC48A0C1BB8302B008F4F10 /* PBXContainerItemProxy */;
		};
		4AC48A181BB8302B008F4F10 /* PBXTargetDependency */ = {
			isa = PBXTargetDependency;
			target = 4AC489F11BB8302B008F4F10 /* Multiplier */;
			targetProxy = 4AC48A171BB8302B008F4F10 /* PBXContainerItemProxy */;
		};
/* End PBXTargetDependency section */

/* Begin PBXVariantGroup section */
		4AC489FE1BB8302B008F4F10 /* Main.storyboard */ = {
			isa = PBXVariantGroup;
			children = (
				4AC489FF1BB8302B008F4F10 /* Base */,
			);
			name = Main.storyboard;
			sourceTree = "<group>";
		};
		4AC48A031BB8302B008F4F10 /* LaunchScreen.storyboard */ = {
			isa = PBXVariantGroup;
			children = (
				4AC48A041BB8302B008F4F10 /* Base */,
			);
			name = LaunchScreen.storyboard;
			sourceTree = "<group>";
		};
/* End PBXVariantGroup section */

/* Begin XCBuildConfiguration section */
		4AC48A1D1BB8302B008F4F10 /* Debug */ = {
			isa = XCBuildConfiguration;
			buildSettings = {
				ALWAYS_SEARCH_USER_PATHS = NO;
				CLANG_CXX_LANGUAGE_STANDARD = "gnu++0x";
				CLANG_CXX_LIBRARY = "libc++";
				CLANG_ENABLE_MODULES = YES;
				CLANG_ENABLE_OBJC_ARC = YES;
				CLANG_WARN_BOOL_CONVERSION = YES;
				CLANG_WARN_CONSTANT_CONVERSION = YES;
				CLANG_WARN_DIRECT_OBJC_ISA_USAGE = YES_ERROR;
				CLANG_WARN_EMPTY_BODY = YES;
				CLANG_WARN_ENUM_CONVERSION = YES;
				CLANG_WARN_INT_CONVERSION = YES;
				CLANG_WARN_OBJC_ROOT_CLASS = YES_ERROR;
				CLANG_WARN_UNREACHABLE_CODE = YES;
				CLANG_WARN__DUPLICATE_METHOD_MATCH = YES;
				"CODE_SIGN_IDENTITY[sdk=iphoneos*]" = "iPhone Developer";
				COPY_PHASE_STRIP = NO;
				DEBUG_INFORMATION_FORMAT = dwarf;
				ENABLE_STRICT_OBJC_MSGSEND = YES;
				ENABLE_TESTABILITY = YES;
				GCC_C_LANGUAGE_STANDARD = gnu99;
				GCC_DYNAMIC_NO_PIC = NO;
				GCC_NO_COMMON_BLOCKS = YES;
				GCC_OPTIMIZATION_LEVEL = 0;
				GCC_PREPROCESSOR_DEFINITIONS = (
					"DEBUG=1",
					"$(inherited)",
				);
				GCC_WARN_64_TO_32_BIT_CONVERSION = YES;
				GCC_WARN_ABOUT_RETURN_TYPE = YES_ERROR;
				GCC_WARN_UNDECLARED_SELECTOR = YES;
				GCC_WARN_UNINITIALIZED_AUTOS = YES_AGGRESSIVE;
				GCC_WARN_UNUSED_FUNCTION = YES;
				GCC_WARN_UNUSED_VARIABLE = YES;
				IPHONEOS_DEPLOYMENT_TARGET = 9.0;
				MTL_ENABLE_DEBUG_INFO = YES;
				ONLY_ACTIVE_ARCH = YES;
				SDKROOT = iphoneos;
			};
			name = Debug;
		};
		4AC48A1E1BB8302B008F4F10 /* Release */ = {
			isa = XCBuildConfiguration;
			buildSettings = {
				ALWAYS_SEARCH_USER_PATHS = NO;
				CLANG_CXX_LANGUAGE_STANDARD = "gnu++0x";
				CLANG_CXX_LIBRARY = "libc++";
				CLANG_ENABLE_MODULES = YES;
				CLANG_ENABLE_OBJC_ARC = YES;
				CLANG_WARN_BOOL_CONVERSION = YES;
				CLANG_WARN_CONSTANT_CONVERSION = YES;
				CLANG_WARN_DIRECT_OBJC_ISA_USAGE = YES_ERROR;
				CLANG_WARN_EMPTY_BODY = YES;
				CLANG_WARN_ENUM_CONVERSION = YES;
				CLANG_WARN_INT_CONVERSION = YES;
				CLANG_WARN_OBJC_ROOT_CLASS = YES_ERROR;
				CLANG_WARN_UNREACHABLE_CODE = YES;
				CLANG_WARN__DUPLICATE_METHOD_MATCH = YES;
				"CODE_SIGN_IDENTITY[sdk=iphoneos*]" = "iPhone Developer";
				COPY_PHASE_STRIP = NO;
				DEBUG_INFORMATION_FORMAT = "dwarf-with-dsym";
				ENABLE_NS_ASSERTIONS = NO;
				ENABLE_STRICT_OBJC_MSGSEND = YES;
				GCC_C_LANGUAGE_STANDARD = gnu99;
				GCC_NO_COMMON_BLOCKS = YES;
				GCC_WARN_64_TO_32_BIT_CONVERSION = YES;
				GCC_WARN_ABOUT_RETURN_TYPE = YES_ERROR;
				GCC_WARN_UNDECLARED_SELECTOR = YES;
				GCC_WARN_UNINITIALIZED_AUTOS = YES_AGGRESSIVE;
				GCC_WARN_UNUSED_FUNCTION = YES;
				GCC_WARN_UNUSED_VARIABLE = YES;
				IPHONEOS_DEPLOYMENT_TARGET = 9.0;
				MTL_ENABLE_DEBUG_INFO = NO;
				SDKROOT = iphoneos;
				VALIDATE_PRODUCT = YES;
			};
			name = Release;
		};
		4AC48A201BB8302B008F4F10 /* Debug */ = {
			isa = XCBuildConfiguration;
			buildSettings = {
				ASSETCATALOG_COMPILER_APPICON_NAME = AppIcon;
				INFOPLIST_FILE = Multiplier/Info.plist;
				LD_RUNPATH_SEARCH_PATHS = "$(inherited) @executable_path/Frameworks";
				PRODUCT_BUNDLE_IDENTIFIER = org.readus.Multiplier;
				PRODUCT_NAME = "$(TARGET_NAME)";
			};
			name = Debug;
		};
		4AC48A211BB8302B008F4F10 /* Release */ = {
			isa = XCBuildConfiguration;
			buildSettings = {
				ASSETCATALOG_COMPILER_APPICON_NAME = AppIcon;
				INFOPLIST_FILE = Multiplier/Info.plist;
				LD_RUNPATH_SEARCH_PATHS = "$(inherited) @executable_path/Frameworks";
				PRODUCT_BUNDLE_IDENTIFIER = org.readus.Multiplier;
				PRODUCT_NAME = "$(TARGET_NAME)";
			};
			name = Release;
		};
		4AC48A231BB8302B008F4F10 /* Debug */ = {
			isa = XCBuildConfiguration;
			buildSettings = {
				BUNDLE_LOADER = "$(TEST_HOST)";
				INFOPLIST_FILE = MultiplierTests/Info.plist;
				LD_RUNPATH_SEARCH_PATHS = "$(inherited) @executable_path/Frameworks @loader_path/Frameworks";
				PRODUCT_BUNDLE_IDENTIFIER = org.readus.MultiplierTests;
				PRODUCT_NAME = "$(TARGET_NAME)";
				TEST_HOST = "$(BUILT_PRODUCTS_DIR)/Multiplier.app/Multiplier";
			};
			name = Debug;
		};
		4AC48A241BB8302B008F4F10 /* Release */ = {
			isa = XCBuildConfiguration;
			buildSettings = {
				BUNDLE_LOADER = "$(TEST_HOST)";
				INFOPLIST_FILE = MultiplierTests/Info.plist;
				LD_RUNPATH_SEARCH_PATHS = "$(inherited) @executable_path/Frameworks @loader_path/Frameworks";
				PRODUCT_BUNDLE_IDENTIFIER = org.readus.MultiplierTests;
				PRODUCT_NAME = "$(TARGET_NAME)";
				TEST_HOST = "$(BUILT_PRODUCTS_DIR)/Multiplier.app/Multiplier";
			};
			name = Release;
		};
		4AC48A261BB8302B008F4F10 /* Debug */ = {
			isa = XCBuildConfiguration;
			buildSettings = {
				INFOPLIST_FILE = MultiplierUITests/Info.plist;
				LD_RUNPATH_SEARCH_PATHS = "$(inherited) @executable_path/Frameworks @loader_path/Frameworks";
				PRODUCT_BUNDLE_IDENTIFIER = org.readus.MultiplierUITests;
				PRODUCT_NAME = "$(TARGET_NAME)";
				TEST_TARGET_NAME = Multiplier;
				USES_XCTRUNNER = YES;
			};
			name = Debug;
		};
		4AC48A271BB8302B008F4F10 /* Release */ = {
			isa = XCBuildConfiguration;
			buildSettings = {
				INFOPLIST_FILE = MultiplierUITests/Info.plist;
				LD_RUNPATH_SEARCH_PATHS = "$(inherited) @executable_path/Frameworks @loader_path/Frameworks";
				PRODUCT_BUNDLE_IDENTIFIER = org.readus.MultiplierUITests;
				PRODUCT_NAME = "$(TARGET_NAME)";
				TEST_TARGET_NAME = Multiplier;
				USES_XCTRUNNER = YES;
			};
			name = Release;
		};
/* End XCBuildConfiguration section */

/* Begin XCConfigurationList section */
		4AC489ED1BB8302B008F4F10 /* Build configuration list for PBXProject "Multiplier" */ = {
			isa = XCConfigurationList;
			buildConfigurations = (
				4AC48A1D1BB8302B008F4F10 /* Debug */,
				4AC48A1E1BB8302B008F4F10 /* Release */,
			);
			defaultConfigurationIsVisible = 0;
			defaultConfigurationName = Release;
		};
		4AC48A1F1BB8302B008F4F10 /* Build configuration list for PBXNativeTarget "Multiplier" */ = {
			isa = XCConfigurationList;
			buildConfigurations = (
				4AC48A201BB8302B008F4F10 /* Debug */,
				4AC48A211BB8302B008F4F10 /* Release */,
			);
			defaultConfigurationIsVisible = 0;
		};
		4AC48A221BB8302B008F4F10 /* Build configuration list for PBXNativeTarget "MultiplierTests" */ = {
			isa = XCConfigurationList;
			buildConfigurations = (
				4AC48A231BB8302B008F4F10 /* Debug */,
				4AC48A241BB8302B008F4F10 /* Release */,
			);
			defaultConfigurationIsVisible = 0;
		};
		4AC48A251BB8302B008F4F10 /* Build configuration list for PBXNativeTarget "MultiplierUITests" */ = {
			isa = XCConfigurationList;
			buildConfigurations = (
				4AC48A261BB8302B008F4F10 /* Debug */,
				4AC48A271BB8302B008F4F10 /* Release */,
			);
			defaultConfigurationIsVisible = 0;
		};
/* End XCConfigurationList section */
	};
	rootObject = 4AC489EA1BB8302B008F4F10 /* Project object */;
}
